// !$*UTF8*$!
{
	archiveVersion = 1;
	classes = {
	};
	objectVersion = 51;
	objects = {

/* Begin PBXBuildFile section */
		327ADC17264477D9005E7827 /* Auth0.plist in Resources */ = {isa = PBXBuildFile; fileRef = 327ADC16264477D9005E7827 /* Auth0.plist */; };
		329CE4042644758E00294A21 /* AppDelegate.swift in Sources */ = {isa = PBXBuildFile; fileRef = 329CE4032644758E00294A21 /* AppDelegate.swift */; };
		329CE4062644758E00294A21 /* SceneDelegate.swift in Sources */ = {isa = PBXBuildFile; fileRef = 329CE4052644758E00294A21 /* SceneDelegate.swift */; };
		329CE4082644758E00294A21 /* ContentView.swift in Sources */ = {isa = PBXBuildFile; fileRef = 329CE4072644758E00294A21 /* ContentView.swift */; };
		329CE40A2644759000294A21 /* Assets.xcassets in Resources */ = {isa = PBXBuildFile; fileRef = 329CE4092644759000294A21 /* Assets.xcassets */; };
		329CE40D2644759000294A21 /* Preview Assets.xcassets in Resources */ = {isa = PBXBuildFile; fileRef = 329CE40C2644759000294A21 /* Preview Assets.xcassets */; };
		329CE4102644759000294A21 /* LaunchScreen.storyboard in Resources */ = {isa = PBXBuildFile; fileRef = 329CE40E2644759000294A21 /* LaunchScreen.storyboard */; };
		E61329DB1EB76E7D8DBEE730 /* Pods_auth0deneme.framework in Frameworks */ = {isa = PBXBuildFile; fileRef = FC5A535B0EA298661AE38F09 /* Pods_auth0deneme.framework */; };
/* End PBXBuildFile section */

/* Begin PBXFileReference section */
		2FABC3C8C63EC9985F0830A6 /* Pods-auth0deneme.debug.xcconfig */ = {isa = PBXFileReference; includeInIndex = 1; lastKnownFileType = text.xcconfig; name = "Pods-auth0deneme.debug.xcconfig"; path = "Target Support Files/Pods-auth0deneme/Pods-auth0deneme.debug.xcconfig"; sourceTree = "<group>"; };
		327ADC16264477D9005E7827 /* Auth0.plist */ = {isa = PBXFileReference; fileEncoding = 4; lastKnownFileType = text.plist.xml; path = Auth0.plist; sourceTree = "<group>"; };
		329CE4002644758E00294A21 /* auth0deneme.app */ = {isa = PBXFileReference; explicitFileType = wrapper.application; includeInIndex = 0; path = auth0deneme.app; sourceTree = BUILT_PRODUCTS_DIR; };
		329CE4032644758E00294A21 /* AppDelegate.swift */ = {isa = PBXFileReference; lastKnownFileType = sourcecode.swift; path = AppDelegate.swift; sourceTree = "<group>"; };
		329CE4052644758E00294A21 /* SceneDelegate.swift */ = {isa = PBXFileReference; lastKnownFileType = sourcecode.swift; path = SceneDelegate.swift; sourceTree = "<group>"; };
		329CE4072644758E00294A21 /* ContentView.swift */ = {isa = PBXFileReference; lastKnownFileType = sourcecode.swift; path = ContentView.swift; sourceTree = "<group>"; };
		329CE4092644759000294A21 /* Assets.xcassets */ = {isa = PBXFileReference; lastKnownFileType = folder.assetcatalog; path = Assets.xcassets; sourceTree = "<group>"; };
		329CE40C2644759000294A21 /* Preview Assets.xcassets */ = {isa = PBXFileReference; lastKnownFileType = folder.assetcatalog; path = "Preview Assets.xcassets"; sourceTree = "<group>"; };
		329CE40F2644759000294A21 /* Base */ = {isa = PBXFileReference; lastKnownFileType = file.storyboard; name = Base; path = Base.lproj/LaunchScreen.storyboard; sourceTree = "<group>"; };
		329CE4112644759000294A21 /* Info.plist */ = {isa = PBXFileReference; lastKnownFileType = text.plist.xml; path = Info.plist; sourceTree = "<group>"; };
		EC1B3483DF12C68D3DD00EF7 /* Pods-auth0deneme.release.xcconfig */ = {isa = PBXFileReference; includeInIndex = 1; lastKnownFileType = text.xcconfig; name = "Pods-auth0deneme.release.xcconfig"; path = "Target Support Files/Pods-auth0deneme/Pods-auth0deneme.release.xcconfig"; sourceTree = "<group>"; };
		FC5A535B0EA298661AE38F09 /* Pods_auth0deneme.framework */ = {isa = PBXFileReference; explicitFileType = wrapper.framework; includeInIndex = 0; path = Pods_auth0deneme.framework; sourceTree = BUILT_PRODUCTS_DIR; };
/* End PBXFileReference section */

/* Begin PBXFrameworksBuildPhase section */
		329CE3FD2644758E00294A21 /* Frameworks */ = {
			isa = PBXFrameworksBuildPhase;
			buildActionMask = 2147483647;
			files = (
				E61329DB1EB76E7D8DBEE730 /* Pods_auth0deneme.framework in Frameworks */,
			);
			runOnlyForDeploymentPostprocessing = 0;
		};
/* End PBXFrameworksBuildPhase section */

/* Begin PBXGroup section */
		329CE3F72644758E00294A21 = {
			isa = PBXGroup;
			children = (
				329CE4022644758E00294A21 /* auth0deneme */,
				329CE4012644758E00294A21 /* Products */,
				BF4EF5F140CFCB604C88D019 /* Pods */,
				CEF21041BFDFF6C82EDF730D /* Frameworks */,
			);
			sourceTree = "<group>";
		};
		329CE4012644758E00294A21 /* Products */ = {
			isa = PBXGroup;
			children = (
				329CE4002644758E00294A21 /* auth0deneme.app */,
			);
			name = Products;
			sourceTree = "<group>";
		};
		329CE4022644758E00294A21 /* auth0deneme */ = {
			isa = PBXGroup;
			children = (
				329CE4032644758E00294A21 /* AppDelegate.swift */,
				329CE4052644758E00294A21 /* SceneDelegate.swift */,
				327ADC16264477D9005E7827 /* Auth0.plist */,
				329CE4072644758E00294A21 /* ContentView.swift */,
				329CE4092644759000294A21 /* Assets.xcassets */,
				329CE40E2644759000294A21 /* LaunchScreen.storyboard */,
				329CE4112644759000294A21 /* Info.plist */,
				329CE40B2644759000294A21 /* Preview Content */,
			);
			path = auth0deneme;
			sourceTree = "<group>";
		};
		329CE40B2644759000294A21 /* Preview Content */ = {
			isa = PBXGroup;
			children = (
				329CE40C2644759000294A21 /* Preview Assets.xcassets */,
			);
			path = "Preview Content";
			sourceTree = "<group>";
		};
		BF4EF5F140CFCB604C88D019 /* Pods */ = {
			isa = PBXGroup;
			children = (
				2FABC3C8C63EC9985F0830A6 /* Pods-auth0deneme.debug.xcconfig */,
				EC1B3483DF12C68D3DD00EF7 /* Pods-auth0deneme.release.xcconfig */,
			);
			path = Pods;
			sourceTree = "<group>";
		};
		CEF21041BFDFF6C82EDF730D /* Frameworks */ = {
			isa = PBXGroup;
			children = (
				FC5A535B0EA298661AE38F09 /* Pods_auth0deneme.framework */,
			);
			name = Frameworks;
			sourceTree = "<group>";
		};
/* End PBXGroup section */

/* Begin PBXNativeTarget section */
		329CE3FF2644758E00294A21 /* auth0deneme */ = {
			isa = PBXNativeTarget;
			buildConfigurationList = 329CE4142644759000294A21 /* Build configuration list for PBXNativeTarget "auth0deneme" */;
			buildPhases = (
				CA70C41AD31EEB6A24C47F59 /* [CP] Check Pods Manifest.lock */,
				329CE3FC2644758E00294A21 /* Sources */,
				329CE3FD2644758E00294A21 /* Frameworks */,
				329CE3FE2644758E00294A21 /* Resources */,
				043F4462914BD0184D7B886F /* [CP] Embed Pods Frameworks */,
			);
			buildRules = (
			);
			dependencies = (
			);
			name = auth0deneme;
			productName = auth0deneme;
			productReference = 329CE4002644758E00294A21 /* auth0deneme.app */;
			productType = "com.apple.product-type.application";
		};
/* End PBXNativeTarget section */

/* Begin PBXProject section */
		329CE3F82644758E00294A21 /* Project object */ = {
			isa = PBXProject;
			attributes = {
				LastSwiftUpdateCheck = 1230;
				LastUpgradeCheck = 1230;
				TargetAttributes = {
					329CE3FF2644758E00294A21 = {
						CreatedOnToolsVersion = 12.3;
					};
				};
			};
			buildConfigurationList = 329CE3FB2644758E00294A21 /* Build configuration list for PBXProject "auth0deneme" */;
			compatibilityVersion = "Xcode 9.3";
			developmentRegion = en;
			hasScannedForEncodings = 0;
			knownRegions = (
				en,
				Base,
			);
			mainGroup = 329CE3F72644758E00294A21;
			productRefGroup = 329CE4012644758E00294A21 /* Products */;
			projectDirPath = "";
			projectRoot = "";
			targets = (
				329CE3FF2644758E00294A21 /* auth0deneme */,
			);
		};
/* End PBXProject section */

/* Begin PBXResourcesBuildPhase section */
		329CE3FE2644758E00294A21 /* Resources */ = {
			isa = PBXResourcesBuildPhase;
			buildActionMask = 2147483647;
			files = (
				329CE4102644759000294A21 /* LaunchScreen.storyboard in Resources */,
				329CE40D2644759000294A21 /* Preview Assets.xcassets in Resources */,
				329CE40A2644759000294A21 /* Assets.xcassets in Resources */,
				327ADC17264477D9005E7827 /* Auth0.plist in Resources */,
			);
			runOnlyForDeploymentPostprocessing = 0;
		};
/* End PBXResourcesBuildPhase section */

/* Begin PBXShellScriptBuildPhase section */
		043F4462914BD0184D7B886F /* [CP] Embed Pods Frameworks */ = {
			isa = PBXShellScriptBuildPhase;
			buildActionMask = 2147483647;
			files = (
			);
			inputFileListPaths = (
				"${PODS_ROOT}/Target Support Files/Pods-auth0deneme/Pods-auth0deneme-frameworks-${CONFIGURATION}-input-files.xcfilelist",
			);
			name = "[CP] Embed Pods Frameworks";
			outputFileListPaths = (
				"${PODS_ROOT}/Target Support Files/Pods-auth0deneme/Pods-auth0deneme-frameworks-${CONFIGURATION}-output-files.xcfilelist",
			);
			runOnlyForDeploymentPostprocessing = 0;
			shellPath = /bin/sh;
			shellScript = "\"${PODS_ROOT}/Target Support Files/Pods-auth0deneme/Pods-auth0deneme-frameworks.sh\"\n";
			showEnvVarsInLog = 0;
		};
		CA70C41AD31EEB6A24C47F59 /* [CP] Check Pods Manifest.lock */ = {
			isa = PBXShellScriptBuildPhase;
			buildActionMask = 2147483647;
			files = (
			);
			inputFileListPaths = (
			);
			inputPaths = (
				"${PODS_PODFILE_DIR_PATH}/Podfile.lock",
				"${PODS_ROOT}/Manifest.lock",
			);
			name = "[CP] Check Pods Manifest.lock";
			outputFileListPaths = (
			);
			outputPaths = (
				"$(DERIVED_FILE_DIR)/Pods-auth0deneme-checkManifestLockResult.txt",
			);
			runOnlyForDeploymentPostprocessing = 0;
			shellPath = /bin/sh;
			shellScript = "diff \"${PODS_PODFILE_DIR_PATH}/Podfile.lock\" \"${PODS_ROOT}/Manifest.lock\" > /dev/null\nif [ $? != 0 ] ; then\n    # print error to STDERR\n    echo \"error: The sandbox is not in sync with the Podfile.lock. Run 'pod install' or update your CocoaPods installation.\" >&2\n    exit 1\nfi\n# This output is used by Xcode 'outputs' to avoid re-running this script phase.\necho \"SUCCESS\" > \"${SCRIPT_OUTPUT_FILE_0}\"\n";
			showEnvVarsInLog = 0;
		};
/* End PBXShellScriptBuildPhase section */

/* Begin PBXSourcesBuildPhase section */
		329CE3FC2644758E00294A21 /* Sources */ = {
			isa = PBXSourcesBuildPhase;
			buildActionMask = 2147483647;
			files = (
				329CE4042644758E00294A21 /* AppDelegate.swift in Sources */,
				329CE4062644758E00294A21 /* SceneDelegate.swift in Sources */,
				329CE4082644758E00294A21 /* ContentView.swift in Sources */,
			);
			runOnlyForDeploymentPostprocessing = 0;
		};
/* End PBXSourcesBuildPhase section */

/* Begin PBXVariantGroup section */
		329CE40E2644759000294A21 /* LaunchScreen.storyboard */ = {
			isa = PBXVariantGroup;
			children = (
				329CE40F2644759000294A21 /* Base */,
			);
			name = LaunchScreen.storyboard;
			sourceTree = "<group>";
		};
/* End PBXVariantGroup section */

/* Begin XCBuildConfiguration section */
		329CE4122644759000294A21 /* Debug */ = {
			isa = XCBuildConfiguration;
			buildSettings = {
				ALWAYS_SEARCH_USER_PATHS = NO;
				CLANG_ANALYZER_NONNULL = YES;
				CLANG_ANALYZER_NUMBER_OBJECT_CONVERSION = YES_AGGRESSIVE;
				CLANG_CXX_LANGUAGE_STANDARD = "gnu++14";
				CLANG_CXX_LIBRARY = "libc++";
				CLANG_ENABLE_MODULES = YES;
				CLANG_ENABLE_OBJC_ARC = YES;
				CLANG_ENABLE_OBJC_WEAK = YES;
				CLANG_WARN_BLOCK_CAPTURE_AUTORELEASING = YES;
				CLANG_WARN_BOOL_CONVERSION = YES;
				CLANG_WARN_COMMA = YES;
				CLANG_WARN_CONSTANT_CONVERSION = YES;
				CLANG_WARN_DEPRECATED_OBJC_IMPLEMENTATIONS = YES;
				CLANG_WARN_DIRECT_OBJC_ISA_USAGE = YES_ERROR;
				CLANG_WARN_DOCUMENTATION_COMMENTS = YES;
				CLANG_WARN_EMPTY_BODY = YES;
				CLANG_WARN_ENUM_CONVERSION = YES;
				CLANG_WARN_INFINITE_RECURSION = YES;
				CLANG_WARN_INT_CONVERSION = YES;
				CLANG_WARN_NON_LITERAL_NULL_CONVERSION = YES;
				CLANG_WARN_OBJC_IMPLICIT_RETAIN_SELF = YES;
				CLANG_WARN_OBJC_LITERAL_CONVERSION = YES;
				CLANG_WARN_OBJC_ROOT_CLASS = YES_ERROR;
				CLANG_WARN_QUOTED_INCLUDE_IN_FRAMEWORK_HEADER = YES;
				CLANG_WARN_RANGE_LOOP_ANALYSIS = YES;
				CLANG_WARN_STRICT_PROTOTYPES = YES;
				CLANG_WARN_SUSPICIOUS_MOVE = YES;
				CLANG_WARN_UNGUARDED_AVAILABILITY = YES_AGGRESSIVE;
				CLANG_WARN_UNREACHABLE_CODE = YES;
				CLANG_WARN__DUPLICATE_METHOD_MATCH = YES;
				COPY_PHASE_STRIP = NO;
				DEBUG_INFORMATION_FORMAT = dwarf;
				ENABLE_STRICT_OBJC_MSGSEND = YES;
				ENABLE_TESTABILITY = YES;
				GCC_C_LANGUAGE_STANDARD = gnu11;
				GCC_DYNAMIC_NO_PIC = NO;
				GCC_NO_COMMON_BLOCKS = YES;
				GCC_OPTIMIZATION_LEVEL = 0;
				GCC_PREPROCESSOR_DEFINITIONS = (
					"DEBUG=1",
					"$(inherited)",
				);
				GCC_WARN_64_TO_32_BIT_CONVERSION = YES;
				GCC_WARN_ABOUT_RETURN_TYPE = YES_ERROR;
				GCC_WARN_UNDECLARED_SELECTOR = YES;
				GCC_WARN_UNINITIALIZED_AUTOS = YES_AGGRESSIVE;
				GCC_WARN_UNUSED_FUNCTION = YES;
				GCC_WARN_UNUSED_VARIABLE = YES;
				IPHONEOS_DEPLOYMENT_TARGET = 14.3;
				MTL_ENABLE_DEBUG_INFO = INCLUDE_SOURCE;
				MTL_FAST_MATH = YES;
				ONLY_ACTIVE_ARCH = YES;
				SDKROOT = iphoneos;
				SWIFT_ACTIVE_COMPILATION_CONDITIONS = DEBUG;
				SWIFT_OPTIMIZATION_LEVEL = "-Onone";
			};
			name = Debug;
		};
		329CE4132644759000294A21 /* Release */ = {
			isa = XCBuildConfiguration;
			buildSettings = {
				ALWAYS_SEARCH_USER_PATHS = NO;
				CLANG_ANALYZER_NONNULL = YES;
				CLANG_ANALYZER_NUMBER_OBJECT_CONVERSION = YES_AGGRESSIVE;
				CLANG_CXX_LANGUAGE_STANDARD = "gnu++14";
				CLANG_CXX_LIBRARY = "libc++";
				CLANG_ENABLE_MODULES = YES;
				CLANG_ENABLE_OBJC_ARC = YES;
				CLANG_ENABLE_OBJC_WEAK = YES;
				CLANG_WARN_BLOCK_CAPTURE_AUTORELEASING = YES;
				CLANG_WARN_BOOL_CONVERSION = YES;
				CLANG_WARN_COMMA = YES;
				CLANG_WARN_CONSTANT_CONVERSION = YES;
				CLANG_WARN_DEPRECATED_OBJC_IMPLEMENTATIONS = YES;
				CLANG_WARN_DIRECT_OBJC_ISA_USAGE = YES_ERROR;
				CLANG_WARN_DOCUMENTATION_COMMENTS = YES;
				CLANG_WARN_EMPTY_BODY = YES;
				CLANG_WARN_ENUM_CONVERSION = YES;
				CLANG_WARN_INFINITE_RECURSION = YES;
				CLANG_WARN_INT_CONVERSION = YES;
				CLANG_WARN_NON_LITERAL_NULL_CONVERSION = YES;
				CLANG_WARN_OBJC_IMPLICIT_RETAIN_SELF = YES;
				CLANG_WARN_OBJC_LITERAL_CONVERSION = YES;
				CLANG_WARN_OBJC_ROOT_CLASS = YES_ERROR;
				CLANG_WARN_QUOTED_INCLUDE_IN_FRAMEWORK_HEADER = YES;
				CLANG_WARN_RANGE_LOOP_ANALYSIS = YES;
				CLANG_WARN_STRICT_PROTOTYPES = YES;
				CLANG_WARN_SUSPICIOUS_MOVE = YES;
				CLANG_WARN_UNGUARDED_AVAILABILITY = YES_AGGRESSIVE;
				CLANG_WARN_UNREACHABLE_CODE = YES;
				CLANG_WARN__DUPLICATE_METHOD_MATCH = YES;
				COPY_PHASE_STRIP = NO;
				DEBUG_INFORMATION_FORMAT = "dwarf-with-dsym";
				ENABLE_NS_ASSERTIONS = NO;
				ENABLE_STRICT_OBJC_MSGSEND = YES;
				GCC_C_LANGUAGE_STANDARD = gnu11;
				GCC_NO_COMMON_BLOCKS = YES;
				GCC_WARN_64_TO_32_BIT_CONVERSION = YES;
				GCC_WARN_ABOUT_RETURN_TYPE = YES_ERROR;
				GCC_WARN_UNDECLARED_SELECTOR = YES;
				GCC_WARN_UNINITIALIZED_AUTOS = YES_AGGRESSIVE;
				GCC_WARN_UNUSED_FUNCTION = YES;
				GCC_WARN_UNUSED_VARIABLE = YES;
				IPHONEOS_DEPLOYMENT_TARGET = 14.3;
				MTL_ENABLE_DEBUG_INFO = NO;
				MTL_FAST_MATH = YES;
				SDKROOT = iphoneos;
				SWIFT_COMPILATION_MODE = wholemodule;
				SWIFT_OPTIMIZATION_LEVEL = "-O";
				VALIDATE_PRODUCT = YES;
			};
			name = Release;
		};
		329CE4152644759000294A21 /* Debug */ = {
			isa = XCBuildConfiguration;
			baseConfigurationReference = 2FABC3C8C63EC9985F0830A6 /* Pods-auth0deneme.debug.xcconfig */;
			buildSettings = {
				ASSETCATALOG_COMPILER_APPICON_NAME = AppIcon;
				ASSETCATALOG_COMPILER_GLOBAL_ACCENT_COLOR_NAME = AccentColor;
				CODE_SIGN_STYLE = Automatic;
				DEVELOPMENT_ASSET_PATHS = "\"auth0deneme/Preview Content\"";
				DEVELOPMENT_TEAM = DJKV3HAUZG;
				ENABLE_PREVIEWS = YES;
				INFOPLIST_FILE = auth0deneme/Info.plist;
				LD_RUNPATH_SEARCH_PATHS = (
					"$(inherited)",
					"@executable_path/Frameworks",
				);
				PRODUCT_BUNDLE_IDENTIFIER = tech.ozil.auth0deneme;
				PRODUCT_NAME = "$(TARGET_NAME)";
				SWIFT_VERSION = 5.0;
				TARGETED_DEVICE_FAMILY = "1,2";
			};
			name = Debug;
		};
		329CE4162644759000294A21 /* Release */ = {
			isa = XCBuildConfiguration;
			baseConfigurationReference = EC1B3483DF12C68D3DD00EF7 /* Pods-auth0deneme.release.xcconfig */;
			buildSettings = {
				ASSETCATALOG_COMPILER_APPICON_NAME = AppIcon;
				ASSETCATALOG_COMPILER_GLOBAL_ACCENT_COLOR_NAME = AccentColor;
				CODE_SIGN_STYLE = Automatic;
				DEVELOPMENT_ASSET_PATHS = "\"auth0deneme/Preview Content\"";
				DEVELOPMENT_TEAM = DJKV3HAUZG;
				ENABLE_PREVIEWS = YES;
				INFOPLIST_FILE = auth0deneme/Info.plist;
				LD_RUNPATH_SEARCH_PATHS = (
					"$(inherited)",
					"@executable_path/Frameworks",
				);
				PRODUCT_BUNDLE_IDENTIFIER = tech.ozil.auth0deneme;
				PRODUCT_NAME = "$(TARGET_NAME)";
				SWIFT_VERSION = 5.0;
				TARGETED_DEVICE_FAMILY = "1,2";
			};
			name = Release;
		};
/* End XCBuildConfiguration section */

/* Begin XCConfigurationList section */
		329CE3FB2644758E00294A21 /* Build configuration list for PBXProject "auth0deneme" */ = {
			isa = XCConfigurationList;
			buildConfigurations = (
				329CE4122644759000294A21 /* Debug */,
				329CE4132644759000294A21 /* Release */,
			);
			defaultConfigurationIsVisible = 0;
			defaultConfigurationName = Release;
		};
		329CE4142644759000294A21 /* Build configuration list for PBXNativeTarget "auth0deneme" */ = {
			isa = XCConfigurationList;
			buildConfigurations = (
				329CE4152644759000294A21 /* Debug */,
				329CE4162644759000294A21 /* Release */,
			);
			defaultConfigurationIsVisible = 0;
			defaultConfigurationName = Release;
		};
/* End XCConfigurationList section */
	};
	rootObject = 329CE3F82644758E00294A21 /* Project object */;
}
